// !$*UTF8*$!
{
	archiveVersion = 1;
	classes = {
	};
	objectVersion = 46;
	objects = {

/* Begin PBXGroup section */
		CE23C9E51A9437D500298F75 = {
			isa = PBXGroup;
			children = (
			);
			sourceTree = "<group>";
		};
/* End PBXGroup section */

/* Begin PBXProject section */
		CE23C9E61A9437D500298F75 /* Project object */ = {
			isa = PBXProject;
			attributes = {
				LastUpgradeCheck = 0610;
			};
			buildConfigurationList = CE23C9E91A9437D500298F75 /* Build configuration list for PBXProject "Stanford CS 193P Assignments" */;
			compatibilityVersion = "Xcode 3.2";
			developmentRegion = English;
			hasScannedForEncodings = 0;
			knownRegions = (
				en,
			);
			mainGroup = CE23C9E51A9437D500298F75;
			projectDirPath = "";
			projectRoot = "";
			targets = (
			);
		};
/* End PBXProject section */

/* Begin XCBuildConfiguration section */
		CE23C9EA1A9437D500298F75 /* Debug */ = {
			isa = XCBuildConfiguration;
			buildSettings = {
			};
			name = Debug;
		};
		CE23C9EB1A9437D500298F75 /* Release */ = {
			isa = XCBuildConfiguration;
			buildSettings = {
			};
			name = Release;
		};
/* End XCBuildConfiguration section */

/* Begin XCConfigurationList section */
		CE23C9E91A9437D500298F75 /* Build configuration list for PBXProject "Stanford CS 193P Assignments" */ = {
			isa = XCConfigurationList;
			buildConfigurations = (
				CE23C9EA1A9437D500298F75 /* Debug */,
				CE23C9EB1A9437D500298F75 /* Release */,
			);
			defaultConfigurationIsVisible = 0;
			defaultConfigurationName = Release;
		};
/* End XCConfigurationList section */
	};
	rootObject = CE23C9E61A9437D500298F75 /* Project object */;
}
